
Microsoft Visual Studio Solution File, Format Version 12.00
# Visual Studio Version 16
VisualStudioVersion = 16.0.30804.86
MinimumVisualStudioVersion = 10.0.40219.1
Project("{FAE04EC0-301F-11D3-BF4B-00C04F79EFBC}") = "Inventario", "Inventario.csproj", "{76890D22-E168-431C-B7F5-C6201D7AF64B}"
EndProject
Project("{2150E333-8FDC-42A3-9474-1A3956D46DE8}") = "nuggets", "nuggets", "{FB54C466-69D9-4072-BA25-882639E9B439}"
EndProject
Project("{9A19103F-16F7-4668-BE54-9A1E7A4F7556}") = "Kit.WPF", "..\..\Kit\Kit.WPF\Kit.WPF.csproj", "{3200D818-CC23-4F6A-8FE4-1F29BD603566}"
EndProject
Project("{9A19103F-16F7-4668-BE54-9A1E7A4F7556}") = "Kit", "..\..\Kit\Kit\Kit.csproj", "{5471435E-F788-44C0-BAF8-3E7C73BC187D}"
EndProject
Global
	GlobalSection(SolutionConfigurationPlatforms) = preSolution
		Debug|Any CPU = Debug|Any CPU
		Gorilla|Any CPU = Gorilla|Any CPU
		Release|Any CPU = Release|Any CPU
	EndGlobalSection
	GlobalSection(ProjectConfigurationPlatforms) = postSolution
		{76890D22-E168-431C-B7F5-C6201D7AF64B}.Debug|Any CPU.ActiveCfg = Debug|Any CPU
		{76890D22-E168-431C-B7F5-C6201D7AF64B}.Debug|Any CPU.Build.0 = Debug|Any CPU
		{76890D22-E168-431C-B7F5-C6201D7AF64B}.Gorilla|Any CPU.ActiveCfg = Release|Any CPU
		{76890D22-E168-431C-B7F5-C6201D7AF64B}.Gorilla|Any CPU.Build.0 = Release|Any CPU
		{76890D22-E168-431C-B7F5-C6201D7AF64B}.Release|Any CPU.ActiveCfg = Release|Any CPU
		{76890D22-E168-431C-B7F5-C6201D7AF64B}.Release|Any CPU.Build.0 = Release|Any CPU
		{3200D818-CC23-4F6A-8FE4-1F29BD603566}.Debug|Any CPU.ActiveCfg = Debug|Any CPU
		{3200D818-CC23-4F6A-8FE4-1F29BD603566}.Debug|Any CPU.Build.0 = Debug|Any CPU
		{3200D818-CC23-4F6A-8FE4-1F29BD603566}.Gorilla|Any CPU.ActiveCfg = Release|Any CPU
		{3200D818-CC23-4F6A-8FE4-1F29BD603566}.Gorilla|Any CPU.Build.0 = Release|Any CPU
		{3200D818-CC23-4F6A-8FE4-1F29BD603566}.Release|Any CPU.ActiveCfg = Release|Any CPU
		{3200D818-CC23-4F6A-8FE4-1F29BD603566}.Release|Any CPU.Build.0 = Release|Any CPU
		{5471435E-F788-44C0-BAF8-3E7C73BC187D}.Debug|Any CPU.ActiveCfg = Debug|Any CPU
		{5471435E-F788-44C0-BAF8-3E7C73BC187D}.Debug|Any CPU.Build.0 = Debug|Any CPU
		{5471435E-F788-44C0-BAF8-3E7C73BC187D}.Gorilla|Any CPU.ActiveCfg = Gorilla|Any CPU
		{5471435E-F788-44C0-BAF8-3E7C73BC187D}.Gorilla|Any CPU.Build.0 = Gorilla|Any CPU
		{5471435E-F788-44C0-BAF8-3E7C73BC187D}.Release|Any CPU.ActiveCfg = Release|Any CPU
		{5471435E-F788-44C0-BAF8-3E7C73BC187D}.Release|Any CPU.Build.0 = Release|Any CPU
	EndGlobalSection
	GlobalSection(SolutionProperties) = preSolution
		HideSolutionNode = FALSE
	EndGlobalSection
	GlobalSection(NestedProjects) = preSolution
		{3200D818-CC23-4F6A-8FE4-1F29BD603566} = {FB54C466-69D9-4072-BA25-882639E9B439}
		{5471435E-F788-44C0-BAF8-3E7C73BC187D} = {FB54C466-69D9-4072-BA25-882639E9B439}
	EndGlobalSection
	GlobalSection(ExtensibilityGlobals) = postSolution
		SolutionGuid = {E6233F68-DDBC-4A08-9717-69EC6A1F81D2}
	EndGlobalSection
EndGlobal
